
Microsoft Visual Studio Solution File, Format Version 12.00
# Visual Studio 2013
VisualStudioVersion = 12.0.31101.0
MinimumVisualStudioVersion = 10.0.40219.1
Project("{FAE04EC0-301F-11D3-BF4B-00C04F79EFBC}") = "WebApplication2", "WebApplication2\WebApplication2.csproj", "{0C297B60-0192-4DE3-8A95-E963B4C69B77}"
EndProject
Project("{FAE04EC0-301F-11D3-BF4B-00C04F79EFBC}") = "WebApplication2.Tests", "WebApplication2.Tests\WebApplication2.Tests.csproj", "{B709863E-BF79-4D6F-B2AE-2F287D44EBD9}"
EndProject
Global
	GlobalSection(SolutionConfigurationPlatforms) = preSolution
		Debug|Any CPU = Debug|Any CPU
		Release|Any CPU = Release|Any CPU
	EndGlobalSection
	GlobalSection(ProjectConfigurationPlatforms) = postSolution
		{0C297B60-0192-4DE3-8A95-E963B4C69B77}.Debug|Any CPU.ActiveCfg = Debug|Any CPU
		{0C297B60-0192-4DE3-8A95-E963B4C69B77}.Debug|Any CPU.Build.0 = Debug|Any CPU
		{0C297B60-0192-4DE3-8A95-E963B4C69B77}.Release|Any CPU.ActiveCfg = Release|Any CPU
		{0C297B60-0192-4DE3-8A95-E963B4C69B77}.Release|Any CPU.Build.0 = Release|Any CPU
		{B709863E-BF79-4D6F-B2AE-2F287D44EBD9}.Debug|Any CPU.ActiveCfg = Debug|Any CPU
		{B709863E-BF79-4D6F-B2AE-2F287D44EBD9}.Debug|Any CPU.Build.0 = Debug|Any CPU
		{B709863E-BF79-4D6F-B2AE-2F287D44EBD9}.Release|Any CPU.ActiveCfg = Release|Any CPU
		{B709863E-BF79-4D6F-B2AE-2F287D44EBD9}.Release|Any CPU.Build.0 = Release|Any CPU
	EndGlobalSection
	GlobalSection(SolutionProperties) = preSolution
		HideSolutionNode = FALSE
	EndGlobalSection
EndGlobal
